
Microsoft Visual Studio Solution File, Format Version 12.00
# Visual Studio Version 16
VisualStudioVersion = 16.0.29209.62
MinimumVisualStudioVersion = 15.0.26124.0
Project("{2150E333-8FDC-42A3-9474-1A3956D46DE8}") = "src", "src", "{51CC0EF5-DB85-48AE-9BF6-26AAD7660FEB}"
EndProject
Project("{9A19103F-16F7-4668-BE54-9A1E7A4F7556}") = "Evlog.Web", "src\Evlog.Web\Evlog.Web.csproj", "{79AB5D26-5737-4D69-9DB4-040BAE9F6E78}"
EndProject
Project("{E53339B2-1760-4266-BCC7-CA923CBCF16C}") = "docker-compose", "docker-compose.dcproj", "{68DFC0D8-72ED-431B-ABBF-6AB494DA2D09}"
EndProject
Project("{2150E333-8FDC-42A3-9474-1A3956D46DE8}") = "tests", "tests", "{612AEF20-DACB-450D-B805-AE82FBB713DD}"
EndProject
Project("{9A19103F-16F7-4668-BE54-9A1E7A4F7556}") = "Evlog.UnitTests", "tests\Evlog.UnitTests\Evlog.UnitTests.csproj", "{636B48F3-533A-46BE-82A3-160D9633A571}"
EndProject
Project("{9A19103F-16F7-4668-BE54-9A1E7A4F7556}") = "Evlog.Infrastructure", "src\Evlog.Infrastructure\Evlog.Infrastructure.csproj", "{65564712-A629-4762-8A5E-B22313FE5D16}"
EndProject
Project("{9A19103F-16F7-4668-BE54-9A1E7A4F7556}") = "Evlog.IntegrationTests", "tests\Evlog.IntegrationTests\Evlog.IntegrationTests.csproj", "{2B05AE5E-42BF-451D-8E6D-794BB47FC97C}"
EndProject
Project("{9A19103F-16F7-4668-BE54-9A1E7A4F7556}") = "Evlog.Core", "src\Evlog.Core\Evlog.Core.csproj", "{8CD7FAB8-09C4-4831-A92D-851FF237C35F}"
EndProject
Global
	GlobalSection(SolutionConfigurationPlatforms) = preSolution
		Debug|Any CPU = Debug|Any CPU
		Debug|x64 = Debug|x64
		Debug|x86 = Debug|x86
		Release|Any CPU = Release|Any CPU
		Release|x64 = Release|x64
		Release|x86 = Release|x86
	EndGlobalSection
	GlobalSection(ProjectConfigurationPlatforms) = postSolution
		{79AB5D26-5737-4D69-9DB4-040BAE9F6E78}.Debug|Any CPU.ActiveCfg = Debug|Any CPU
		{79AB5D26-5737-4D69-9DB4-040BAE9F6E78}.Debug|Any CPU.Build.0 = Debug|Any CPU
		{79AB5D26-5737-4D69-9DB4-040BAE9F6E78}.Debug|x64.ActiveCfg = Debug|Any CPU
		{79AB5D26-5737-4D69-9DB4-040BAE9F6E78}.Debug|x64.Build.0 = Debug|Any CPU
		{79AB5D26-5737-4D69-9DB4-040BAE9F6E78}.Debug|x86.ActiveCfg = Debug|Any CPU
		{79AB5D26-5737-4D69-9DB4-040BAE9F6E78}.Debug|x86.Build.0 = Debug|Any CPU
		{79AB5D26-5737-4D69-9DB4-040BAE9F6E78}.Release|Any CPU.ActiveCfg = Release|Any CPU
		{79AB5D26-5737-4D69-9DB4-040BAE9F6E78}.Release|Any CPU.Build.0 = Release|Any CPU
		{79AB5D26-5737-4D69-9DB4-040BAE9F6E78}.Release|x64.ActiveCfg = Release|Any CPU
		{79AB5D26-5737-4D69-9DB4-040BAE9F6E78}.Release|x64.Build.0 = Release|Any CPU
		{79AB5D26-5737-4D69-9DB4-040BAE9F6E78}.Release|x86.ActiveCfg = Release|Any CPU
		{79AB5D26-5737-4D69-9DB4-040BAE9F6E78}.Release|x86.Build.0 = Release|Any CPU
		{68DFC0D8-72ED-431B-ABBF-6AB494DA2D09}.Debug|Any CPU.ActiveCfg = Debug|Any CPU
		{68DFC0D8-72ED-431B-ABBF-6AB494DA2D09}.Debug|Any CPU.Build.0 = Debug|Any CPU
		{68DFC0D8-72ED-431B-ABBF-6AB494DA2D09}.Debug|x64.ActiveCfg = Debug|Any CPU
		{68DFC0D8-72ED-431B-ABBF-6AB494DA2D09}.Debug|x64.Build.0 = Debug|Any CPU
		{68DFC0D8-72ED-431B-ABBF-6AB494DA2D09}.Debug|x86.ActiveCfg = Debug|Any CPU
		{68DFC0D8-72ED-431B-ABBF-6AB494DA2D09}.Debug|x86.Build.0 = Debug|Any CPU
		{68DFC0D8-72ED-431B-ABBF-6AB494DA2D09}.Release|Any CPU.ActiveCfg = Release|Any CPU
		{68DFC0D8-72ED-431B-ABBF-6AB494DA2D09}.Release|Any CPU.Build.0 = Release|Any CPU
		{68DFC0D8-72ED-431B-ABBF-6AB494DA2D09}.Release|x64.ActiveCfg = Release|Any CPU
		{68DFC0D8-72ED-431B-ABBF-6AB494DA2D09}.Release|x64.Build.0 = Release|Any CPU
		{68DFC0D8-72ED-431B-ABBF-6AB494DA2D09}.Release|x86.ActiveCfg = Release|Any CPU
		{68DFC0D8-72ED-431B-ABBF-6AB494DA2D09}.Release|x86.Build.0 = Release|Any CPU
		{636B48F3-533A-46BE-82A3-160D9633A571}.Debug|Any CPU.ActiveCfg = Debug|Any CPU
		{636B48F3-533A-46BE-82A3-160D9633A571}.Debug|Any CPU.Build.0 = Debug|Any CPU
		{636B48F3-533A-46BE-82A3-160D9633A571}.Debug|x64.ActiveCfg = Debug|Any CPU
		{636B48F3-533A-46BE-82A3-160D9633A571}.Debug|x64.Build.0 = Debug|Any CPU
		{636B48F3-533A-46BE-82A3-160D9633A571}.Debug|x86.ActiveCfg = Debug|Any CPU
		{636B48F3-533A-46BE-82A3-160D9633A571}.Debug|x86.Build.0 = Debug|Any CPU
		{636B48F3-533A-46BE-82A3-160D9633A571}.Release|Any CPU.ActiveCfg = Release|Any CPU
		{636B48F3-533A-46BE-82A3-160D9633A571}.Release|Any CPU.Build.0 = Release|Any CPU
		{636B48F3-533A-46BE-82A3-160D9633A571}.Release|x64.ActiveCfg = Release|Any CPU
		{636B48F3-533A-46BE-82A3-160D9633A571}.Release|x64.Build.0 = Release|Any CPU
		{636B48F3-533A-46BE-82A3-160D9633A571}.Release|x86.ActiveCfg = Release|Any CPU
		{636B48F3-533A-46BE-82A3-160D9633A571}.Release|x86.Build.0 = Release|Any CPU
		{65564712-A629-4762-8A5E-B22313FE5D16}.Debug|Any CPU.ActiveCfg = Debug|Any CPU
		{65564712-A629-4762-8A5E-B22313FE5D16}.Debug|Any CPU.Build.0 = Debug|Any CPU
		{65564712-A629-4762-8A5E-B22313FE5D16}.Debug|x64.ActiveCfg = Debug|Any CPU
		{65564712-A629-4762-8A5E-B22313FE5D16}.Debug|x64.Build.0 = Debug|Any CPU
		{65564712-A629-4762-8A5E-B22313FE5D16}.Debug|x86.ActiveCfg = Debug|Any CPU
		{65564712-A629-4762-8A5E-B22313FE5D16}.Debug|x86.Build.0 = Debug|Any CPU
		{65564712-A629-4762-8A5E-B22313FE5D16}.Release|Any CPU.ActiveCfg = Release|Any CPU
		{65564712-A629-4762-8A5E-B22313FE5D16}.Release|Any CPU.Build.0 = Release|Any CPU
		{65564712-A629-4762-8A5E-B22313FE5D16}.Release|x64.ActiveCfg = Release|Any CPU
		{65564712-A629-4762-8A5E-B22313FE5D16}.Release|x64.Build.0 = Release|Any CPU
		{65564712-A629-4762-8A5E-B22313FE5D16}.Release|x86.ActiveCfg = Release|Any CPU
		{65564712-A629-4762-8A5E-B22313FE5D16}.Release|x86.Build.0 = Release|Any CPU
		{2B05AE5E-42BF-451D-8E6D-794BB47FC97C}.Debug|Any CPU.ActiveCfg = Debug|Any CPU
		{2B05AE5E-42BF-451D-8E6D-794BB47FC97C}.Debug|Any CPU.Build.0 = Debug|Any CPU
		{2B05AE5E-42BF-451D-8E6D-794BB47FC97C}.Debug|x64.ActiveCfg = Debug|Any CPU
		{2B05AE5E-42BF-451D-8E6D-794BB47FC97C}.Debug|x64.Build.0 = Debug|Any CPU
		{2B05AE5E-42BF-451D-8E6D-794BB47FC97C}.Debug|x86.ActiveCfg = Debug|Any CPU
		{2B05AE5E-42BF-451D-8E6D-794BB47FC97C}.Debug|x86.Build.0 = Debug|Any CPU
		{2B05AE5E-42BF-451D-8E6D-794BB47FC97C}.Release|Any CPU.ActiveCfg = Release|Any CPU
		{2B05AE5E-42BF-451D-8E6D-794BB47FC97C}.Release|Any CPU.Build.0 = Release|Any CPU
		{2B05AE5E-42BF-451D-8E6D-794BB47FC97C}.Release|x64.ActiveCfg = Release|Any CPU
		{2B05AE5E-42BF-451D-8E6D-794BB47FC97C}.Release|x64.Build.0 = Release|Any CPU
		{2B05AE5E-42BF-451D-8E6D-794BB47FC97C}.Release|x86.ActiveCfg = Release|Any CPU
		{2B05AE5E-42BF-451D-8E6D-794BB47FC97C}.Release|x86.Build.0 = Release|Any CPU
		{8CD7FAB8-09C4-4831-A92D-851FF237C35F}.Debug|Any CPU.ActiveCfg = Debug|Any CPU
		{8CD7FAB8-09C4-4831-A92D-851FF237C35F}.Debug|Any CPU.Build.0 = Debug|Any CPU
		{8CD7FAB8-09C4-4831-A92D-851FF237C35F}.Debug|x64.ActiveCfg = Debug|Any CPU
		{8CD7FAB8-09C4-4831-A92D-851FF237C35F}.Debug|x64.Build.0 = Debug|Any CPU
		{8CD7FAB8-09C4-4831-A92D-851FF237C35F}.Debug|x86.ActiveCfg = Debug|Any CPU
		{8CD7FAB8-09C4-4831-A92D-851FF237C35F}.Debug|x86.Build.0 = Debug|Any CPU
		{8CD7FAB8-09C4-4831-A92D-851FF237C35F}.Release|Any CPU.ActiveCfg = Release|Any CPU
		{8CD7FAB8-09C4-4831-A92D-851FF237C35F}.Release|Any CPU.Build.0 = Release|Any CPU
		{8CD7FAB8-09C4-4831-A92D-851FF237C35F}.Release|x64.ActiveCfg = Release|Any CPU
		{8CD7FAB8-09C4-4831-A92D-851FF237C35F}.Release|x64.Build.0 = Release|Any CPU
		{8CD7FAB8-09C4-4831-A92D-851FF237C35F}.Release|x86.ActiveCfg = Release|Any CPU
		{8CD7FAB8-09C4-4831-A92D-851FF237C35F}.Release|x86.Build.0 = Release|Any CPU
	EndGlobalSection
	GlobalSection(SolutionProperties) = preSolution
		HideSolutionNode = FALSE
	EndGlobalSection
	GlobalSection(NestedProjects) = preSolution
		{79AB5D26-5737-4D69-9DB4-040BAE9F6E78} = {51CC0EF5-DB85-48AE-9BF6-26AAD7660FEB}
		{636B48F3-533A-46BE-82A3-160D9633A571} = {612AEF20-DACB-450D-B805-AE82FBB713DD}
		{65564712-A629-4762-8A5E-B22313FE5D16} = {51CC0EF5-DB85-48AE-9BF6-26AAD7660FEB}
		{2B05AE5E-42BF-451D-8E6D-794BB47FC97C} = {612AEF20-DACB-450D-B805-AE82FBB713DD}
		{8CD7FAB8-09C4-4831-A92D-851FF237C35F} = {51CC0EF5-DB85-48AE-9BF6-26AAD7660FEB}
	EndGlobalSection
	GlobalSection(ExtensibilityGlobals) = postSolution
		SolutionGuid = {2C494E02-584A-4546-A6D0-3F78E8295690}
	EndGlobalSection
EndGlobal
